
Microsoft Visual Studio Solution File, Format Version 12.00
# Visual Studio Version 17
VisualStudioVersion = 17.5.33516.290
MinimumVisualStudioVersion = 10.0.40219.1
Project("{9A19103F-16F7-4668-BE54-9A1E7A4F7556}") = "csharp", "csharp\csharp.csproj", "{A68A4E1F-5F5B-4107-AAA2-E88A04309907}"
EndProject
Project("{9A19103F-16F7-4668-BE54-9A1E7A4F7556}") = "RateLimit", "RateLimit\RateLimit.csproj", "{4C6A4AB5-6796-4FBC-B279-6D080B293132}"
EndProject
Project("{9A19103F-16F7-4668-BE54-9A1E7A4F7556}") = "DistributedLock", "DistributedLock\DistributedLock.csproj", "{C23E87B8-3B22-4BF9-9748-D066DC2A9773}"
EndProject
Project("{9A19103F-16F7-4668-BE54-9A1E7A4F7556}") = "ActionResultManager", "ActionResultManager\ActionResultManager.csproj", "{AACC3523-DFF6-407A-983E-9B81E01EF9C5}"
EndProject
Project("{9A19103F-16F7-4668-BE54-9A1E7A4F7556}") = "IdempotentToken", "..\..\..\learn\dotnet\WebSkill\IdempotentToken\IdempotentToken.csproj", "{48FA73CF-8B55-4AF0-A8C9-861ED2EEB1D3}"
EndProject
Global
	GlobalSection(SolutionConfigurationPlatforms) = preSolution
		Debug|Any CPU = Debug|Any CPU
		Release|Any CPU = Release|Any CPU
	EndGlobalSection
	GlobalSection(ProjectConfigurationPlatforms) = postSolution
		{A68A4E1F-5F5B-4107-AAA2-E88A04309907}.Debug|Any CPU.ActiveCfg = Debug|Any CPU
		{A68A4E1F-5F5B-4107-AAA2-E88A04309907}.Debug|Any CPU.Build.0 = Debug|Any CPU
		{A68A4E1F-5F5B-4107-AAA2-E88A04309907}.Release|Any CPU.ActiveCfg = Release|Any CPU
		{A68A4E1F-5F5B-4107-AAA2-E88A04309907}.Release|Any CPU.Build.0 = Release|Any CPU
		{4C6A4AB5-6796-4FBC-B279-6D080B293132}.Debug|Any CPU.ActiveCfg = Debug|Any CPU
		{4C6A4AB5-6796-4FBC-B279-6D080B293132}.Debug|Any CPU.Build.0 = Debug|Any CPU
		{4C6A4AB5-6796-4FBC-B279-6D080B293132}.Release|Any CPU.ActiveCfg = Release|Any CPU
		{4C6A4AB5-6796-4FBC-B279-6D080B293132}.Release|Any CPU.Build.0 = Release|Any CPU
		{C23E87B8-3B22-4BF9-9748-D066DC2A9773}.Debug|Any CPU.ActiveCfg = Debug|Any CPU
		{C23E87B8-3B22-4BF9-9748-D066DC2A9773}.Debug|Any CPU.Build.0 = Debug|Any CPU
		{C23E87B8-3B22-4BF9-9748-D066DC2A9773}.Release|Any CPU.ActiveCfg = Release|Any CPU
		{C23E87B8-3B22-4BF9-9748-D066DC2A9773}.Release|Any CPU.Build.0 = Release|Any CPU
		{AACC3523-DFF6-407A-983E-9B81E01EF9C5}.Debug|Any CPU.ActiveCfg = Debug|Any CPU
		{AACC3523-DFF6-407A-983E-9B81E01EF9C5}.Debug|Any CPU.Build.0 = Debug|Any CPU
		{AACC3523-DFF6-407A-983E-9B81E01EF9C5}.Release|Any CPU.ActiveCfg = Release|Any CPU
		{AACC3523-DFF6-407A-983E-9B81E01EF9C5}.Release|Any CPU.Build.0 = Release|Any CPU
		{48FA73CF-8B55-4AF0-A8C9-861ED2EEB1D3}.Debug|Any CPU.ActiveCfg = Debug|Any CPU
		{48FA73CF-8B55-4AF0-A8C9-861ED2EEB1D3}.Debug|Any CPU.Build.0 = Debug|Any CPU
		{48FA73CF-8B55-4AF0-A8C9-861ED2EEB1D3}.Release|Any CPU.ActiveCfg = Release|Any CPU
		{48FA73CF-8B55-4AF0-A8C9-861ED2EEB1D3}.Release|Any CPU.Build.0 = Release|Any CPU
	EndGlobalSection
	GlobalSection(SolutionProperties) = preSolution
		HideSolutionNode = FALSE
	EndGlobalSection
	GlobalSection(ExtensibilityGlobals) = postSolution
		SolutionGuid = {9A5D70B6-68BE-4618-98BD-88CEDBC529BC}
	EndGlobalSection
EndGlobal
